
Microsoft Visual Studio Solution File, Format Version 12.00
# Visual Studio Version 16
VisualStudioVersion = 16.0.29102.190
MinimumVisualStudioVersion = 10.0.40219.1
Project("{FAE04EC0-301F-11D3-BF4B-00C04F79EFBC}") = "ganhos semestre", "ganhos semestre\ganhos semestre.csproj", "{275EAEA0-B28D-4092-B264-40212B88D217}"
EndProject
Global
	GlobalSection(SolutionConfigurationPlatforms) = preSolution
		Debug|Any CPU = Debug|Any CPU
		Release|Any CPU = Release|Any CPU
	EndGlobalSection
	GlobalSection(ProjectConfigurationPlatforms) = postSolution
		{275EAEA0-B28D-4092-B264-40212B88D217}.Debug|Any CPU.ActiveCfg = Debug|Any CPU
		{275EAEA0-B28D-4092-B264-40212B88D217}.Debug|Any CPU.Build.0 = Debug|Any CPU
		{275EAEA0-B28D-4092-B264-40212B88D217}.Release|Any CPU.ActiveCfg = Release|Any CPU
		{275EAEA0-B28D-4092-B264-40212B88D217}.Release|Any CPU.Build.0 = Release|Any CPU
	EndGlobalSection
	GlobalSection(SolutionProperties) = preSolution
		HideSolutionNode = FALSE
	EndGlobalSection
	GlobalSection(ExtensibilityGlobals) = postSolution
		SolutionGuid = {E8272615-F322-4DE8-81D4-28943873A9D4}
	EndGlobalSection
EndGlobal
